
Microsoft Visual Studio Solution File, Format Version 12.00
# Visual Studio 2013
VisualStudioVersion = 12.0.21005.1
MinimumVisualStudioVersion = 10.0.40219.1
Project("{FAE04EC0-301F-11D3-BF4B-00C04F79EFBC}") = "Report.Email", "Report.Email\Report.Email.csproj", "{AFEE9493-CDE6-4E17-A3A4-8C79F12BE910}"
EndProject
Project("{FAE04EC0-301F-11D3-BF4B-00C04F79EFBC}") = "iStyle", "iStyle\iStyle.csproj", "{43C3E81F-26E4-40AC-BAF5-446C773C5ED6}"
EndProject
Project("{FAE04EC0-301F-11D3-BF4B-00C04F79EFBC}") = "ESB", "ESB\ESB.csproj", "{F152C893-226B-4C2B-901E-838B08D3165E}"
EndProject
Project("{FAE04EC0-301F-11D3-BF4B-00C04F79EFBC}") = "MonitorCenter", "MonitorCenter\MonitorCenter.csproj", "{36AB2EEA-1713-4B60-B260-91110DCB3798}"
EndProject
Project("{FAE04EC0-301F-11D3-BF4B-00C04F79EFBC}") = "TestingConsole", "TestingConsole\TestingConsole.csproj", "{96C7645C-8F32-4B82-92EF-3D23862462CB}"
EndProject
Project("{FAE04EC0-301F-11D3-BF4B-00C04F79EFBC}") = "UATService", "UATService\UATService.csproj", "{981FF420-9C1E-4467-B80B-45AE2D303607}"
EndProject
Project("{FAE04EC0-301F-11D3-BF4B-00C04F79EFBC}") = "JavaScriptStudy", "JavaScriptStudy\JavaScriptStudy.csproj", "{F04A58C9-0EE9-48D4-928E-1AF06787C48D}"
EndProject
Project("{FAE04EC0-301F-11D3-BF4B-00C04F79EFBC}") = "CodeCoverage", "CodeCoverage\CodeCoverage.csproj", "{22A2ABA1-38C7-403C-A0A7-55462C3A1298}"
EndProject
Project("{FAE04EC0-301F-11D3-BF4B-00C04F79EFBC}") = "RemoteCmd", "RemoteCmd\RemoteCmd.csproj", "{CD989899-5174-4754-82A6-590C50284050}"
EndProject
Project("{FAE04EC0-301F-11D3-BF4B-00C04F79EFBC}") = "CodeCoverageWeb", "CodeCoverageWeb\CodeCoverageWeb.csproj", "{DBB5F7EA-79CD-4E66-AC16-441CAA6ED308}"
EndProject
Project("{FAE04EC0-301F-11D3-BF4B-00C04F79EFBC}") = "ReportBoss", "ReportBoss\ReportBoss.csproj", "{4D506D0D-87D8-494C-88EC-7C81F0D670D0}"
EndProject
Project("{FAE04EC0-301F-11D3-BF4B-00C04F79EFBC}") = "WMIConsole", "WMIConsole\WMIConsole.csproj", "{14EB6DC2-E6CD-4BE6-BBAF-C6E3EE278444}"
EndProject
Project("{FAE04EC0-301F-11D3-BF4B-00C04F79EFBC}") = "SyncFolder", "SyncFolder\SyncFolder.csproj", "{134C6458-3387-4934-8764-23F4F4410044}"
EndProject
Project("{FAE04EC0-301F-11D3-BF4B-00C04F79EFBC}") = "TFSCoding", "TFSCoding\TFSCoding.csproj", "{EC6D0F0B-D80A-4D34-B2DC-569A56C27CA7}"
EndProject
Project("{FAE04EC0-301F-11D3-BF4B-00C04F79EFBC}") = "Metric_AUTOMATION", "Metric_AUTOMATION\Metric_AUTOMATION\Metric_AUTOMATION.csproj", "{C04004CC-30C9-4CCF-849E-22E83D0D08FD}"
EndProject
Project("{FAE04EC0-301F-11D3-BF4B-00C04F79EFBC}") = "GetFileSystem", "GetFileSystem\GetFileSystem.csproj", "{149FD804-2492-46E6-88FE-44D22E832312}"
EndProject
Project("{FAE04EC0-301F-11D3-BF4B-00C04F79EFBC}") = "Report.Hotel", "Report.Hotel\Report.Hotel.csproj", "{A728D7FA-5187-45CA-ADC2-78D4197BA5C4}"
EndProject
Project("{FAE04EC0-301F-11D3-BF4B-00C04F79EFBC}") = "CodeCoverageService", "CodeCoverageService\CodeCoverageService.csproj", "{A3579E71-32F5-48B6-A0B5-F790943B549B}"
EndProject
Global
	GlobalSection(SolutionConfigurationPlatforms) = preSolution
		Debug|Any CPU = Debug|Any CPU
		Debug|Mixed Platforms = Debug|Mixed Platforms
		Debug|x64 = Debug|x64
		Debug|x86 = Debug|x86
		Release|Any CPU = Release|Any CPU
		Release|Mixed Platforms = Release|Mixed Platforms
		Release|x64 = Release|x64
		Release|x86 = Release|x86
	EndGlobalSection
	GlobalSection(ProjectConfigurationPlatforms) = postSolution
		{AFEE9493-CDE6-4E17-A3A4-8C79F12BE910}.Debug|Any CPU.ActiveCfg = Debug|x86
		{AFEE9493-CDE6-4E17-A3A4-8C79F12BE910}.Debug|Mixed Platforms.ActiveCfg = Debug|x86
		{AFEE9493-CDE6-4E17-A3A4-8C79F12BE910}.Debug|Mixed Platforms.Build.0 = Debug|x86
		{AFEE9493-CDE6-4E17-A3A4-8C79F12BE910}.Debug|x64.ActiveCfg = Debug|x64
		{AFEE9493-CDE6-4E17-A3A4-8C79F12BE910}.Debug|x86.ActiveCfg = Debug|x86
		{AFEE9493-CDE6-4E17-A3A4-8C79F12BE910}.Debug|x86.Build.0 = Debug|x86
		{AFEE9493-CDE6-4E17-A3A4-8C79F12BE910}.Release|Any CPU.ActiveCfg = Release|x86
		{AFEE9493-CDE6-4E17-A3A4-8C79F12BE910}.Release|Mixed Platforms.ActiveCfg = Release|x86
		{AFEE9493-CDE6-4E17-A3A4-8C79F12BE910}.Release|Mixed Platforms.Build.0 = Release|x86
		{AFEE9493-CDE6-4E17-A3A4-8C79F12BE910}.Release|x64.ActiveCfg = Release|x64
		{AFEE9493-CDE6-4E17-A3A4-8C79F12BE910}.Release|x86.ActiveCfg = Release|x86
		{AFEE9493-CDE6-4E17-A3A4-8C79F12BE910}.Release|x86.Build.0 = Release|x86
		{43C3E81F-26E4-40AC-BAF5-446C773C5ED6}.Debug|Any CPU.ActiveCfg = Debug|Any CPU
		{43C3E81F-26E4-40AC-BAF5-446C773C5ED6}.Debug|Any CPU.Build.0 = Debug|Any CPU
		{43C3E81F-26E4-40AC-BAF5-446C773C5ED6}.Debug|Mixed Platforms.ActiveCfg = Debug|Any CPU
		{43C3E81F-26E4-40AC-BAF5-446C773C5ED6}.Debug|Mixed Platforms.Build.0 = Debug|Any CPU
		{43C3E81F-26E4-40AC-BAF5-446C773C5ED6}.Debug|x64.ActiveCfg = Debug|x64
		{43C3E81F-26E4-40AC-BAF5-446C773C5ED6}.Debug|x64.Build.0 = Debug|x64
		{43C3E81F-26E4-40AC-BAF5-446C773C5ED6}.Debug|x86.ActiveCfg = Debug|Any CPU
		{43C3E81F-26E4-40AC-BAF5-446C773C5ED6}.Debug|x86.Build.0 = Debug|Any CPU
		{43C3E81F-26E4-40AC-BAF5-446C773C5ED6}.Release|Any CPU.ActiveCfg = Release|Any CPU
		{43C3E81F-26E4-40AC-BAF5-446C773C5ED6}.Release|Any CPU.Build.0 = Release|Any CPU
		{43C3E81F-26E4-40AC-BAF5-446C773C5ED6}.Release|Mixed Platforms.ActiveCfg = Release|Any CPU
		{43C3E81F-26E4-40AC-BAF5-446C773C5ED6}.Release|Mixed Platforms.Build.0 = Release|Any CPU
		{43C3E81F-26E4-40AC-BAF5-446C773C5ED6}.Release|x64.ActiveCfg = Release|x64
		{43C3E81F-26E4-40AC-BAF5-446C773C5ED6}.Release|x64.Build.0 = Release|x64
		{43C3E81F-26E4-40AC-BAF5-446C773C5ED6}.Release|x86.ActiveCfg = Release|Any CPU
		{F152C893-226B-4C2B-901E-838B08D3165E}.Debug|Any CPU.ActiveCfg = Debug|Any CPU
		{F152C893-226B-4C2B-901E-838B08D3165E}.Debug|Any CPU.Build.0 = Debug|Any CPU
		{F152C893-226B-4C2B-901E-838B08D3165E}.Debug|Mixed Platforms.ActiveCfg = Debug|Any CPU
		{F152C893-226B-4C2B-901E-838B08D3165E}.Debug|Mixed Platforms.Build.0 = Debug|Any CPU
		{F152C893-226B-4C2B-901E-838B08D3165E}.Debug|x64.ActiveCfg = Debug|x64
		{F152C893-226B-4C2B-901E-838B08D3165E}.Debug|x64.Build.0 = Debug|x64
		{F152C893-226B-4C2B-901E-838B08D3165E}.Debug|x86.ActiveCfg = Debug|Any CPU
		{F152C893-226B-4C2B-901E-838B08D3165E}.Debug|x86.Build.0 = Debug|Any CPU
		{F152C893-226B-4C2B-901E-838B08D3165E}.Release|Any CPU.ActiveCfg = Release|Any CPU
		{F152C893-226B-4C2B-901E-838B08D3165E}.Release|Any CPU.Build.0 = Release|Any CPU
		{F152C893-226B-4C2B-901E-838B08D3165E}.Release|Mixed Platforms.ActiveCfg = Release|Any CPU
		{F152C893-226B-4C2B-901E-838B08D3165E}.Release|Mixed Platforms.Build.0 = Release|Any CPU
		{F152C893-226B-4C2B-901E-838B08D3165E}.Release|x64.ActiveCfg = Release|x64
		{F152C893-226B-4C2B-901E-838B08D3165E}.Release|x64.Build.0 = Release|x64
		{F152C893-226B-4C2B-901E-838B08D3165E}.Release|x86.ActiveCfg = Release|Any CPU
		{36AB2EEA-1713-4B60-B260-91110DCB3798}.Debug|Any CPU.ActiveCfg = Debug|Any CPU
		{36AB2EEA-1713-4B60-B260-91110DCB3798}.Debug|Any CPU.Build.0 = Debug|Any CPU
		{36AB2EEA-1713-4B60-B260-91110DCB3798}.Debug|Mixed Platforms.ActiveCfg = Debug|Any CPU
		{36AB2EEA-1713-4B60-B260-91110DCB3798}.Debug|Mixed Platforms.Build.0 = Debug|Any CPU
		{36AB2EEA-1713-4B60-B260-91110DCB3798}.Debug|x64.ActiveCfg = Debug|x64
		{36AB2EEA-1713-4B60-B260-91110DCB3798}.Debug|x64.Build.0 = Debug|x64
		{36AB2EEA-1713-4B60-B260-91110DCB3798}.Debug|x86.ActiveCfg = Debug|Any CPU
		{36AB2EEA-1713-4B60-B260-91110DCB3798}.Debug|x86.Build.0 = Debug|Any CPU
		{36AB2EEA-1713-4B60-B260-91110DCB3798}.Release|Any CPU.ActiveCfg = Release|Any CPU
		{36AB2EEA-1713-4B60-B260-91110DCB3798}.Release|Any CPU.Build.0 = Release|Any CPU
		{36AB2EEA-1713-4B60-B260-91110DCB3798}.Release|Mixed Platforms.ActiveCfg = Release|Any CPU
		{36AB2EEA-1713-4B60-B260-91110DCB3798}.Release|Mixed Platforms.Build.0 = Release|Any CPU
		{36AB2EEA-1713-4B60-B260-91110DCB3798}.Release|x64.ActiveCfg = Release|x64
		{36AB2EEA-1713-4B60-B260-91110DCB3798}.Release|x64.Build.0 = Release|x64
		{36AB2EEA-1713-4B60-B260-91110DCB3798}.Release|x86.ActiveCfg = Release|Any CPU
		{96C7645C-8F32-4B82-92EF-3D23862462CB}.Debug|Any CPU.ActiveCfg = Debug|Any CPU
		{96C7645C-8F32-4B82-92EF-3D23862462CB}.Debug|Any CPU.Build.0 = Debug|Any CPU
		{96C7645C-8F32-4B82-92EF-3D23862462CB}.Debug|Mixed Platforms.ActiveCfg = Debug|Any CPU
		{96C7645C-8F32-4B82-92EF-3D23862462CB}.Debug|Mixed Platforms.Build.0 = Debug|Any CPU
		{96C7645C-8F32-4B82-92EF-3D23862462CB}.Debug|x64.ActiveCfg = Debug|x64
		{96C7645C-8F32-4B82-92EF-3D23862462CB}.Debug|x64.Build.0 = Debug|x64
		{96C7645C-8F32-4B82-92EF-3D23862462CB}.Debug|x86.ActiveCfg = Debug|Any CPU
		{96C7645C-8F32-4B82-92EF-3D23862462CB}.Debug|x86.Build.0 = Debug|Any CPU
		{96C7645C-8F32-4B82-92EF-3D23862462CB}.Release|Any CPU.ActiveCfg = Release|Any CPU
		{96C7645C-8F32-4B82-92EF-3D23862462CB}.Release|Any CPU.Build.0 = Release|Any CPU
		{96C7645C-8F32-4B82-92EF-3D23862462CB}.Release|Mixed Platforms.ActiveCfg = Release|Any CPU
		{96C7645C-8F32-4B82-92EF-3D23862462CB}.Release|Mixed Platforms.Build.0 = Release|Any CPU
		{96C7645C-8F32-4B82-92EF-3D23862462CB}.Release|x64.ActiveCfg = Release|x64
		{96C7645C-8F32-4B82-92EF-3D23862462CB}.Release|x64.Build.0 = Release|x64
		{96C7645C-8F32-4B82-92EF-3D23862462CB}.Release|x86.ActiveCfg = Release|Any CPU
		{981FF420-9C1E-4467-B80B-45AE2D303607}.Debug|Any CPU.ActiveCfg = Debug|Any CPU
		{981FF420-9C1E-4467-B80B-45AE2D303607}.Debug|Any CPU.Build.0 = Debug|Any CPU
		{981FF420-9C1E-4467-B80B-45AE2D303607}.Debug|Mixed Platforms.ActiveCfg = Debug|Any CPU
		{981FF420-9C1E-4467-B80B-45AE2D303607}.Debug|Mixed Platforms.Build.0 = Debug|Any CPU
		{981FF420-9C1E-4467-B80B-45AE2D303607}.Debug|x64.ActiveCfg = Debug|x64
		{981FF420-9C1E-4467-B80B-45AE2D303607}.Debug|x64.Build.0 = Debug|x64
		{981FF420-9C1E-4467-B80B-45AE2D303607}.Debug|x86.ActiveCfg = Debug|Any CPU
		{981FF420-9C1E-4467-B80B-45AE2D303607}.Debug|x86.Build.0 = Debug|Any CPU
		{981FF420-9C1E-4467-B80B-45AE2D303607}.Release|Any CPU.ActiveCfg = Release|Any CPU
		{981FF420-9C1E-4467-B80B-45AE2D303607}.Release|Any CPU.Build.0 = Release|Any CPU
		{981FF420-9C1E-4467-B80B-45AE2D303607}.Release|Mixed Platforms.ActiveCfg = Release|Any CPU
		{981FF420-9C1E-4467-B80B-45AE2D303607}.Release|Mixed Platforms.Build.0 = Release|Any CPU
		{981FF420-9C1E-4467-B80B-45AE2D303607}.Release|x64.ActiveCfg = Release|x64
		{981FF420-9C1E-4467-B80B-45AE2D303607}.Release|x64.Build.0 = Release|x64
		{981FF420-9C1E-4467-B80B-45AE2D303607}.Release|x86.ActiveCfg = Release|Any CPU
		{F04A58C9-0EE9-48D4-928E-1AF06787C48D}.Debug|Any CPU.ActiveCfg = Debug|Any CPU
		{F04A58C9-0EE9-48D4-928E-1AF06787C48D}.Debug|Any CPU.Build.0 = Debug|Any CPU
		{F04A58C9-0EE9-48D4-928E-1AF06787C48D}.Debug|Mixed Platforms.ActiveCfg = Debug|Any CPU
		{F04A58C9-0EE9-48D4-928E-1AF06787C48D}.Debug|Mixed Platforms.Build.0 = Debug|Any CPU
		{F04A58C9-0EE9-48D4-928E-1AF06787C48D}.Debug|x64.ActiveCfg = Debug|x64
		{F04A58C9-0EE9-48D4-928E-1AF06787C48D}.Debug|x64.Build.0 = Debug|x64
		{F04A58C9-0EE9-48D4-928E-1AF06787C48D}.Debug|x86.ActiveCfg = Debug|Any CPU
		{F04A58C9-0EE9-48D4-928E-1AF06787C48D}.Debug|x86.Build.0 = Debug|Any CPU
		{F04A58C9-0EE9-48D4-928E-1AF06787C48D}.Release|Any CPU.ActiveCfg = Release|Any CPU
		{F04A58C9-0EE9-48D4-928E-1AF06787C48D}.Release|Any CPU.Build.0 = Release|Any CPU
		{F04A58C9-0EE9-48D4-928E-1AF06787C48D}.Release|Mixed Platforms.ActiveCfg = Release|Any CPU
		{F04A58C9-0EE9-48D4-928E-1AF06787C48D}.Release|Mixed Platforms.Build.0 = Release|Any CPU
		{F04A58C9-0EE9-48D4-928E-1AF06787C48D}.Release|x64.ActiveCfg = Release|x64
		{F04A58C9-0EE9-48D4-928E-1AF06787C48D}.Release|x64.Build.0 = Release|x64
		{F04A58C9-0EE9-48D4-928E-1AF06787C48D}.Release|x86.ActiveCfg = Release|Any CPU
		{22A2ABA1-38C7-403C-A0A7-55462C3A1298}.Debug|Any CPU.ActiveCfg = Debug|Any CPU
		{22A2ABA1-38C7-403C-A0A7-55462C3A1298}.Debug|Any CPU.Build.0 = Debug|Any CPU
		{22A2ABA1-38C7-403C-A0A7-55462C3A1298}.Debug|Mixed Platforms.ActiveCfg = Debug|Any CPU
		{22A2ABA1-38C7-403C-A0A7-55462C3A1298}.Debug|Mixed Platforms.Build.0 = Debug|Any CPU
		{22A2ABA1-38C7-403C-A0A7-55462C3A1298}.Debug|x64.ActiveCfg = Debug|x64
		{22A2ABA1-38C7-403C-A0A7-55462C3A1298}.Debug|x64.Build.0 = Debug|x64
		{22A2ABA1-38C7-403C-A0A7-55462C3A1298}.Debug|x86.ActiveCfg = Debug|Any CPU
		{22A2ABA1-38C7-403C-A0A7-55462C3A1298}.Debug|x86.Build.0 = Debug|Any CPU
		{22A2ABA1-38C7-403C-A0A7-55462C3A1298}.Release|Any CPU.ActiveCfg = Release|Any CPU
		{22A2ABA1-38C7-403C-A0A7-55462C3A1298}.Release|Any CPU.Build.0 = Release|Any CPU
		{22A2ABA1-38C7-403C-A0A7-55462C3A1298}.Release|Mixed Platforms.ActiveCfg = Release|Any CPU
		{22A2ABA1-38C7-403C-A0A7-55462C3A1298}.Release|Mixed Platforms.Build.0 = Release|Any CPU
		{22A2ABA1-38C7-403C-A0A7-55462C3A1298}.Release|x64.ActiveCfg = Release|x64
		{22A2ABA1-38C7-403C-A0A7-55462C3A1298}.Release|x64.Build.0 = Release|x64
		{22A2ABA1-38C7-403C-A0A7-55462C3A1298}.Release|x86.ActiveCfg = Release|Any CPU
		{CD989899-5174-4754-82A6-590C50284050}.Debug|Any CPU.ActiveCfg = Debug|Any CPU
		{CD989899-5174-4754-82A6-590C50284050}.Debug|Any CPU.Build.0 = Debug|Any CPU
		{CD989899-5174-4754-82A6-590C50284050}.Debug|Mixed Platforms.ActiveCfg = Debug|Any CPU
		{CD989899-5174-4754-82A6-590C50284050}.Debug|Mixed Platforms.Build.0 = Debug|Any CPU
		{CD989899-5174-4754-82A6-590C50284050}.Debug|x64.ActiveCfg = Debug|x64
		{CD989899-5174-4754-82A6-590C50284050}.Debug|x64.Build.0 = Debug|x64
		{CD989899-5174-4754-82A6-590C50284050}.Debug|x86.ActiveCfg = Debug|Any CPU
		{CD989899-5174-4754-82A6-590C50284050}.Debug|x86.Build.0 = Debug|Any CPU
		{CD989899-5174-4754-82A6-590C50284050}.Release|Any CPU.ActiveCfg = Release|Any CPU
		{CD989899-5174-4754-82A6-590C50284050}.Release|Any CPU.Build.0 = Release|Any CPU
		{CD989899-5174-4754-82A6-590C50284050}.Release|Mixed Platforms.ActiveCfg = Release|Any CPU
		{CD989899-5174-4754-82A6-590C50284050}.Release|Mixed Platforms.Build.0 = Release|Any CPU
		{CD989899-5174-4754-82A6-590C50284050}.Release|x64.ActiveCfg = Release|x64
		{CD989899-5174-4754-82A6-590C50284050}.Release|x64.Build.0 = Release|x64
		{CD989899-5174-4754-82A6-590C50284050}.Release|x86.ActiveCfg = Release|Any CPU
		{DBB5F7EA-79CD-4E66-AC16-441CAA6ED308}.Debug|Any CPU.ActiveCfg = Debug|Any CPU
		{DBB5F7EA-79CD-4E66-AC16-441CAA6ED308}.Debug|Any CPU.Build.0 = Debug|Any CPU
		{DBB5F7EA-79CD-4E66-AC16-441CAA6ED308}.Debug|Mixed Platforms.ActiveCfg = Debug|Any CPU
		{DBB5F7EA-79CD-4E66-AC16-441CAA6ED308}.Debug|Mixed Platforms.Build.0 = Debug|Any CPU
		{DBB5F7EA-79CD-4E66-AC16-441CAA6ED308}.Debug|x64.ActiveCfg = Debug|Any CPU
		{DBB5F7EA-79CD-4E66-AC16-441CAA6ED308}.Debug|x86.ActiveCfg = Debug|Any CPU
		{DBB5F7EA-79CD-4E66-AC16-441CAA6ED308}.Debug|x86.Build.0 = Debug|Any CPU
		{DBB5F7EA-79CD-4E66-AC16-441CAA6ED308}.Release|Any CPU.ActiveCfg = Release|Any CPU
		{DBB5F7EA-79CD-4E66-AC16-441CAA6ED308}.Release|Any CPU.Build.0 = Release|Any CPU
		{DBB5F7EA-79CD-4E66-AC16-441CAA6ED308}.Release|Mixed Platforms.ActiveCfg = Release|Any CPU
		{DBB5F7EA-79CD-4E66-AC16-441CAA6ED308}.Release|Mixed Platforms.Build.0 = Release|Any CPU
		{DBB5F7EA-79CD-4E66-AC16-441CAA6ED308}.Release|x64.ActiveCfg = Release|Any CPU
		{DBB5F7EA-79CD-4E66-AC16-441CAA6ED308}.Release|x86.ActiveCfg = Release|Any CPU
		{4D506D0D-87D8-494C-88EC-7C81F0D670D0}.Debug|Any CPU.ActiveCfg = Debug|Any CPU
		{4D506D0D-87D8-494C-88EC-7C81F0D670D0}.Debug|Any CPU.Build.0 = Debug|Any CPU
		{4D506D0D-87D8-494C-88EC-7C81F0D670D0}.Debug|Mixed Platforms.ActiveCfg = Debug|Any CPU
		{4D506D0D-87D8-494C-88EC-7C81F0D670D0}.Debug|Mixed Platforms.Build.0 = Debug|Any CPU
		{4D506D0D-87D8-494C-88EC-7C81F0D670D0}.Debug|x64.ActiveCfg = Debug|x64
		{4D506D0D-87D8-494C-88EC-7C81F0D670D0}.Debug|x64.Build.0 = Debug|x64
		{4D506D0D-87D8-494C-88EC-7C81F0D670D0}.Debug|x86.ActiveCfg = Debug|Any CPU
		{4D506D0D-87D8-494C-88EC-7C81F0D670D0}.Debug|x86.Build.0 = Debug|Any CPU
		{4D506D0D-87D8-494C-88EC-7C81F0D670D0}.Release|Any CPU.ActiveCfg = Release|Any CPU
		{4D506D0D-87D8-494C-88EC-7C81F0D670D0}.Release|Any CPU.Build.0 = Release|Any CPU
		{4D506D0D-87D8-494C-88EC-7C81F0D670D0}.Release|Mixed Platforms.ActiveCfg = Release|Any CPU
		{4D506D0D-87D8-494C-88EC-7C81F0D670D0}.Release|Mixed Platforms.Build.0 = Release|Any CPU
		{4D506D0D-87D8-494C-88EC-7C81F0D670D0}.Release|x64.ActiveCfg = Release|x64
		{4D506D0D-87D8-494C-88EC-7C81F0D670D0}.Release|x64.Build.0 = Release|x64
		{4D506D0D-87D8-494C-88EC-7C81F0D670D0}.Release|x86.ActiveCfg = Release|Any CPU
		{14EB6DC2-E6CD-4BE6-BBAF-C6E3EE278444}.Debug|Any CPU.ActiveCfg = Debug|Any CPU
		{14EB6DC2-E6CD-4BE6-BBAF-C6E3EE278444}.Debug|Any CPU.Build.0 = Debug|Any CPU
		{14EB6DC2-E6CD-4BE6-BBAF-C6E3EE278444}.Debug|Mixed Platforms.ActiveCfg = Debug|Any CPU
		{14EB6DC2-E6CD-4BE6-BBAF-C6E3EE278444}.Debug|Mixed Platforms.Build.0 = Debug|Any CPU
		{14EB6DC2-E6CD-4BE6-BBAF-C6E3EE278444}.Debug|x64.ActiveCfg = Debug|Any CPU
		{14EB6DC2-E6CD-4BE6-BBAF-C6E3EE278444}.Debug|x86.ActiveCfg = Debug|Any CPU
		{14EB6DC2-E6CD-4BE6-BBAF-C6E3EE278444}.Debug|x86.Build.0 = Debug|Any CPU
		{14EB6DC2-E6CD-4BE6-BBAF-C6E3EE278444}.Release|Any CPU.ActiveCfg = Release|Any CPU
		{14EB6DC2-E6CD-4BE6-BBAF-C6E3EE278444}.Release|Any CPU.Build.0 = Release|Any CPU
		{14EB6DC2-E6CD-4BE6-BBAF-C6E3EE278444}.Release|Mixed Platforms.ActiveCfg = Release|Any CPU
		{14EB6DC2-E6CD-4BE6-BBAF-C6E3EE278444}.Release|Mixed Platforms.Build.0 = Release|Any CPU
		{14EB6DC2-E6CD-4BE6-BBAF-C6E3EE278444}.Release|x64.ActiveCfg = Release|Any CPU
		{14EB6DC2-E6CD-4BE6-BBAF-C6E3EE278444}.Release|x86.ActiveCfg = Release|Any CPU
		{134C6458-3387-4934-8764-23F4F4410044}.Debug|Any CPU.ActiveCfg = Debug|Any CPU
		{134C6458-3387-4934-8764-23F4F4410044}.Debug|Any CPU.Build.0 = Debug|Any CPU
		{134C6458-3387-4934-8764-23F4F4410044}.Debug|Mixed Platforms.ActiveCfg = Debug|Any CPU
		{134C6458-3387-4934-8764-23F4F4410044}.Debug|Mixed Platforms.Build.0 = Debug|Any CPU
		{134C6458-3387-4934-8764-23F4F4410044}.Debug|x64.ActiveCfg = Debug|Any CPU
		{134C6458-3387-4934-8764-23F4F4410044}.Debug|x86.ActiveCfg = Debug|Any CPU
		{134C6458-3387-4934-8764-23F4F4410044}.Debug|x86.Build.0 = Debug|Any CPU
		{134C6458-3387-4934-8764-23F4F4410044}.Release|Any CPU.ActiveCfg = Release|Any CPU
		{134C6458-3387-4934-8764-23F4F4410044}.Release|Any CPU.Build.0 = Release|Any CPU
		{134C6458-3387-4934-8764-23F4F4410044}.Release|Mixed Platforms.ActiveCfg = Release|Any CPU
		{134C6458-3387-4934-8764-23F4F4410044}.Release|Mixed Platforms.Build.0 = Release|Any CPU
		{134C6458-3387-4934-8764-23F4F4410044}.Release|x64.ActiveCfg = Release|Any CPU
		{134C6458-3387-4934-8764-23F4F4410044}.Release|x86.ActiveCfg = Release|Any CPU
		{EC6D0F0B-D80A-4D34-B2DC-569A56C27CA7}.Debug|Any CPU.ActiveCfg = Debug|Any CPU
		{EC6D0F0B-D80A-4D34-B2DC-569A56C27CA7}.Debug|Any CPU.Build.0 = Debug|Any CPU
		{EC6D0F0B-D80A-4D34-B2DC-569A56C27CA7}.Debug|Mixed Platforms.ActiveCfg = Debug|Any CPU
		{EC6D0F0B-D80A-4D34-B2DC-569A56C27CA7}.Debug|Mixed Platforms.Build.0 = Debug|Any CPU
		{EC6D0F0B-D80A-4D34-B2DC-569A56C27CA7}.Debug|x64.ActiveCfg = Debug|Any CPU
		{EC6D0F0B-D80A-4D34-B2DC-569A56C27CA7}.Debug|x86.ActiveCfg = Debug|Any CPU
		{EC6D0F0B-D80A-4D34-B2DC-569A56C27CA7}.Debug|x86.Build.0 = Debug|Any CPU
		{EC6D0F0B-D80A-4D34-B2DC-569A56C27CA7}.Release|Any CPU.ActiveCfg = Release|Any CPU
		{EC6D0F0B-D80A-4D34-B2DC-569A56C27CA7}.Release|Any CPU.Build.0 = Release|Any CPU
		{EC6D0F0B-D80A-4D34-B2DC-569A56C27CA7}.Release|Mixed Platforms.ActiveCfg = Release|Any CPU
		{EC6D0F0B-D80A-4D34-B2DC-569A56C27CA7}.Release|Mixed Platforms.Build.0 = Release|Any CPU
		{EC6D0F0B-D80A-4D34-B2DC-569A56C27CA7}.Release|x64.ActiveCfg = Release|Any CPU
		{EC6D0F0B-D80A-4D34-B2DC-569A56C27CA7}.Release|x86.ActiveCfg = Release|Any CPU
		{C04004CC-30C9-4CCF-849E-22E83D0D08FD}.Debug|Any CPU.ActiveCfg = Debug|x86
		{C04004CC-30C9-4CCF-849E-22E83D0D08FD}.Debug|Mixed Platforms.ActiveCfg = Debug|x86
		{C04004CC-30C9-4CCF-849E-22E83D0D08FD}.Debug|Mixed Platforms.Build.0 = Debug|x86
		{C04004CC-30C9-4CCF-849E-22E83D0D08FD}.Debug|x64.ActiveCfg = Debug|x86
		{C04004CC-30C9-4CCF-849E-22E83D0D08FD}.Debug|x86.ActiveCfg = Debug|x86
		{C04004CC-30C9-4CCF-849E-22E83D0D08FD}.Debug|x86.Build.0 = Debug|x86
		{C04004CC-30C9-4CCF-849E-22E83D0D08FD}.Release|Any CPU.ActiveCfg = Release|x86
		{C04004CC-30C9-4CCF-849E-22E83D0D08FD}.Release|Mixed Platforms.ActiveCfg = Release|x86
		{C04004CC-30C9-4CCF-849E-22E83D0D08FD}.Release|Mixed Platforms.Build.0 = Release|x86
		{C04004CC-30C9-4CCF-849E-22E83D0D08FD}.Release|x64.ActiveCfg = Release|x86
		{C04004CC-30C9-4CCF-849E-22E83D0D08FD}.Release|x86.ActiveCfg = Release|x86
		{C04004CC-30C9-4CCF-849E-22E83D0D08FD}.Release|x86.Build.0 = Release|x86
		{149FD804-2492-46E6-88FE-44D22E832312}.Debug|Any CPU.ActiveCfg = Debug|Any CPU
		{149FD804-2492-46E6-88FE-44D22E832312}.Debug|Any CPU.Build.0 = Debug|Any CPU
		{149FD804-2492-46E6-88FE-44D22E832312}.Debug|Mixed Platforms.ActiveCfg = Debug|Any CPU
		{149FD804-2492-46E6-88FE-44D22E832312}.Debug|Mixed Platforms.Build.0 = Debug|Any CPU
		{149FD804-2492-46E6-88FE-44D22E832312}.Debug|x64.ActiveCfg = Debug|Any CPU
		{149FD804-2492-46E6-88FE-44D22E832312}.Debug|x86.ActiveCfg = Debug|Any CPU
		{149FD804-2492-46E6-88FE-44D22E832312}.Debug|x86.Build.0 = Debug|Any CPU
		{149FD804-2492-46E6-88FE-44D22E832312}.Release|Any CPU.ActiveCfg = Release|Any CPU
		{149FD804-2492-46E6-88FE-44D22E832312}.Release|Any CPU.Build.0 = Release|Any CPU
		{149FD804-2492-46E6-88FE-44D22E832312}.Release|Mixed Platforms.ActiveCfg = Release|Any CPU
		{149FD804-2492-46E6-88FE-44D22E832312}.Release|Mixed Platforms.Build.0 = Release|Any CPU
		{149FD804-2492-46E6-88FE-44D22E832312}.Release|x64.ActiveCfg = Release|Any CPU
		{149FD804-2492-46E6-88FE-44D22E832312}.Release|x86.ActiveCfg = Release|Any CPU
		{A728D7FA-5187-45CA-ADC2-78D4197BA5C4}.Debug|Any CPU.ActiveCfg = Debug|Any CPU
		{A728D7FA-5187-45CA-ADC2-78D4197BA5C4}.Debug|Any CPU.Build.0 = Debug|Any CPU
		{A728D7FA-5187-45CA-ADC2-78D4197BA5C4}.Debug|Mixed Platforms.ActiveCfg = Debug|Any CPU
		{A728D7FA-5187-45CA-ADC2-78D4197BA5C4}.Debug|Mixed Platforms.Build.0 = Debug|Any CPU
		{A728D7FA-5187-45CA-ADC2-78D4197BA5C4}.Debug|x64.ActiveCfg = Debug|Any CPU
		{A728D7FA-5187-45CA-ADC2-78D4197BA5C4}.Debug|x86.ActiveCfg = Debug|Any CPU
		{A728D7FA-5187-45CA-ADC2-78D4197BA5C4}.Release|Any CPU.ActiveCfg = Release|Any CPU
		{A728D7FA-5187-45CA-ADC2-78D4197BA5C4}.Release|Any CPU.Build.0 = Release|Any CPU
		{A728D7FA-5187-45CA-ADC2-78D4197BA5C4}.Release|Mixed Platforms.ActiveCfg = Release|Any CPU
		{A728D7FA-5187-45CA-ADC2-78D4197BA5C4}.Release|Mixed Platforms.Build.0 = Release|Any CPU
		{A728D7FA-5187-45CA-ADC2-78D4197BA5C4}.Release|x64.ActiveCfg = Release|Any CPU
		{A728D7FA-5187-45CA-ADC2-78D4197BA5C4}.Release|x86.ActiveCfg = Release|Any CPU
		{A3579E71-32F5-48B6-A0B5-F790943B549B}.Debug|Any CPU.ActiveCfg = Debug|Any CPU
		{A3579E71-32F5-48B6-A0B5-F790943B549B}.Debug|Any CPU.Build.0 = Debug|Any CPU
		{A3579E71-32F5-48B6-A0B5-F790943B549B}.Debug|Mixed Platforms.ActiveCfg = Debug|Any CPU
		{A3579E71-32F5-48B6-A0B5-F790943B549B}.Debug|Mixed Platforms.Build.0 = Debug|Any CPU
		{A3579E71-32F5-48B6-A0B5-F790943B549B}.Debug|x64.ActiveCfg = Debug|Any CPU
		{A3579E71-32F5-48B6-A0B5-F790943B549B}.Debug|x86.ActiveCfg = Debug|Any CPU
		{A3579E71-32F5-48B6-A0B5-F790943B549B}.Release|Any CPU.ActiveCfg = Release|Any CPU
		{A3579E71-32F5-48B6-A0B5-F790943B549B}.Release|Any CPU.Build.0 = Release|Any CPU
		{A3579E71-32F5-48B6-A0B5-F790943B549B}.Release|Mixed Platforms.ActiveCfg = Release|Any CPU
		{A3579E71-32F5-48B6-A0B5-F790943B549B}.Release|Mixed Platforms.Build.0 = Release|Any CPU
		{A3579E71-32F5-48B6-A0B5-F790943B549B}.Release|x64.ActiveCfg = Release|Any CPU
		{A3579E71-32F5-48B6-A0B5-F790943B549B}.Release|x86.ActiveCfg = Release|Any CPU
	EndGlobalSection
	GlobalSection(SolutionProperties) = preSolution
		HideSolutionNode = FALSE
	EndGlobalSection
EndGlobal
