
Microsoft Visual Studio Solution File, Format Version 12.00
# Visual Studio 2013
VisualStudioVersion = 12.0.30501.0
MinimumVisualStudioVersion = 10.0.40219.1
Project("{FAE04EC0-301F-11D3-BF4B-00C04F79EFBC}") = "TestingConsole", "TestingConsole\TestingConsole.csproj", "{96C7645C-8F32-4B82-92EF-3D23862462CB}"
EndProject
Project("{FAE04EC0-301F-11D3-BF4B-00C04F79EFBC}") = "JavaScriptStudy", "JavaScriptStudy\JavaScriptStudy.csproj", "{F04A58C9-0EE9-48D4-928E-1AF06787C48D}"
EndProject
Project("{FAE04EC0-301F-11D3-BF4B-00C04F79EFBC}") = "RemoteCmd", "RemoteCmd\RemoteCmd.csproj", "{CD989899-5174-4754-82A6-590C50284050}"
EndProject
Project("{FAE04EC0-301F-11D3-BF4B-00C04F79EFBC}") = "SyncFolder", "SyncFolder\SyncFolder.csproj", "{134C6458-3387-4934-8764-23F4F4410044}"
EndProject
Project("{FAE04EC0-301F-11D3-BF4B-00C04F79EFBC}") = "GetFileSystem", "GetFileSystem\GetFileSystem.csproj", "{149FD804-2492-46E6-88FE-44D22E832312}"
EndProject
Project("{FAE04EC0-301F-11D3-BF4B-00C04F79EFBC}") = "BTreeStudy", "BTreeStudy\BTreeStudy.csproj", "{3B91553F-E171-42DB-A939-2DD0A81B5E6F}"
EndProject
Project("{FAE04EC0-301F-11D3-BF4B-00C04F79EFBC}") = "LinkListStudy", "LinkListStudy\LinkListStudy.csproj", "{E824231A-0053-447D-929E-6424FD79070B}"
EndProject
Project("{FAE04EC0-301F-11D3-BF4B-00C04F79EFBC}") = "HeapStudy", "HeapStudy\HeapStudy.csproj", "{109EC8C5-6277-43FD-A16D-142CF78FF0AB}"
EndProject
Project("{FAE04EC0-301F-11D3-BF4B-00C04F79EFBC}") = "StackStudy", "StackStudy\StackStudy.csproj", "{B693B518-062A-43A2-8A5E-087F609B7067}"
EndProject
Global
	GlobalSection(SolutionConfigurationPlatforms) = preSolution
		Debug|Any CPU = Debug|Any CPU
		Debug|Mixed Platforms = Debug|Mixed Platforms
		Debug|x64 = Debug|x64
		Debug|x86 = Debug|x86
		Release|Any CPU = Release|Any CPU
		Release|Mixed Platforms = Release|Mixed Platforms
		Release|x64 = Release|x64
		Release|x86 = Release|x86
	EndGlobalSection
	GlobalSection(ProjectConfigurationPlatforms) = postSolution
		{96C7645C-8F32-4B82-92EF-3D23862462CB}.Debug|Any CPU.ActiveCfg = Debug|Any CPU
		{96C7645C-8F32-4B82-92EF-3D23862462CB}.Debug|Any CPU.Build.0 = Debug|Any CPU
		{96C7645C-8F32-4B82-92EF-3D23862462CB}.Debug|Mixed Platforms.ActiveCfg = Debug|Any CPU
		{96C7645C-8F32-4B82-92EF-3D23862462CB}.Debug|Mixed Platforms.Build.0 = Debug|Any CPU
		{96C7645C-8F32-4B82-92EF-3D23862462CB}.Debug|x64.ActiveCfg = Debug|x64
		{96C7645C-8F32-4B82-92EF-3D23862462CB}.Debug|x64.Build.0 = Debug|x64
		{96C7645C-8F32-4B82-92EF-3D23862462CB}.Debug|x86.ActiveCfg = Debug|Any CPU
		{96C7645C-8F32-4B82-92EF-3D23862462CB}.Debug|x86.Build.0 = Debug|Any CPU
		{96C7645C-8F32-4B82-92EF-3D23862462CB}.Release|Any CPU.ActiveCfg = Release|Any CPU
		{96C7645C-8F32-4B82-92EF-3D23862462CB}.Release|Any CPU.Build.0 = Release|Any CPU
		{96C7645C-8F32-4B82-92EF-3D23862462CB}.Release|Mixed Platforms.ActiveCfg = Release|Any CPU
		{96C7645C-8F32-4B82-92EF-3D23862462CB}.Release|Mixed Platforms.Build.0 = Release|Any CPU
		{96C7645C-8F32-4B82-92EF-3D23862462CB}.Release|x64.ActiveCfg = Release|x64
		{96C7645C-8F32-4B82-92EF-3D23862462CB}.Release|x64.Build.0 = Release|x64
		{96C7645C-8F32-4B82-92EF-3D23862462CB}.Release|x86.ActiveCfg = Release|Any CPU
		{F04A58C9-0EE9-48D4-928E-1AF06787C48D}.Debug|Any CPU.ActiveCfg = Debug|Any CPU
		{F04A58C9-0EE9-48D4-928E-1AF06787C48D}.Debug|Any CPU.Build.0 = Debug|Any CPU
		{F04A58C9-0EE9-48D4-928E-1AF06787C48D}.Debug|Mixed Platforms.ActiveCfg = Debug|Any CPU
		{F04A58C9-0EE9-48D4-928E-1AF06787C48D}.Debug|Mixed Platforms.Build.0 = Debug|Any CPU
		{F04A58C9-0EE9-48D4-928E-1AF06787C48D}.Debug|x64.ActiveCfg = Debug|x64
		{F04A58C9-0EE9-48D4-928E-1AF06787C48D}.Debug|x64.Build.0 = Debug|x64
		{F04A58C9-0EE9-48D4-928E-1AF06787C48D}.Debug|x86.ActiveCfg = Debug|Any CPU
		{F04A58C9-0EE9-48D4-928E-1AF06787C48D}.Debug|x86.Build.0 = Debug|Any CPU
		{F04A58C9-0EE9-48D4-928E-1AF06787C48D}.Release|Any CPU.ActiveCfg = Release|Any CPU
		{F04A58C9-0EE9-48D4-928E-1AF06787C48D}.Release|Any CPU.Build.0 = Release|Any CPU
		{F04A58C9-0EE9-48D4-928E-1AF06787C48D}.Release|Mixed Platforms.ActiveCfg = Release|Any CPU
		{F04A58C9-0EE9-48D4-928E-1AF06787C48D}.Release|Mixed Platforms.Build.0 = Release|Any CPU
		{F04A58C9-0EE9-48D4-928E-1AF06787C48D}.Release|x64.ActiveCfg = Release|x64
		{F04A58C9-0EE9-48D4-928E-1AF06787C48D}.Release|x64.Build.0 = Release|x64
		{F04A58C9-0EE9-48D4-928E-1AF06787C48D}.Release|x86.ActiveCfg = Release|Any CPU
		{CD989899-5174-4754-82A6-590C50284050}.Debug|Any CPU.ActiveCfg = Debug|Any CPU
		{CD989899-5174-4754-82A6-590C50284050}.Debug|Any CPU.Build.0 = Debug|Any CPU
		{CD989899-5174-4754-82A6-590C50284050}.Debug|Mixed Platforms.ActiveCfg = Debug|Any CPU
		{CD989899-5174-4754-82A6-590C50284050}.Debug|Mixed Platforms.Build.0 = Debug|Any CPU
		{CD989899-5174-4754-82A6-590C50284050}.Debug|x64.ActiveCfg = Debug|x64
		{CD989899-5174-4754-82A6-590C50284050}.Debug|x64.Build.0 = Debug|x64
		{CD989899-5174-4754-82A6-590C50284050}.Debug|x86.ActiveCfg = Debug|Any CPU
		{CD989899-5174-4754-82A6-590C50284050}.Debug|x86.Build.0 = Debug|Any CPU
		{CD989899-5174-4754-82A6-590C50284050}.Release|Any CPU.ActiveCfg = Release|Any CPU
		{CD989899-5174-4754-82A6-590C50284050}.Release|Any CPU.Build.0 = Release|Any CPU
		{CD989899-5174-4754-82A6-590C50284050}.Release|Mixed Platforms.ActiveCfg = Release|Any CPU
		{CD989899-5174-4754-82A6-590C50284050}.Release|Mixed Platforms.Build.0 = Release|Any CPU
		{CD989899-5174-4754-82A6-590C50284050}.Release|x64.ActiveCfg = Release|x64
		{CD989899-5174-4754-82A6-590C50284050}.Release|x64.Build.0 = Release|x64
		{CD989899-5174-4754-82A6-590C50284050}.Release|x86.ActiveCfg = Release|Any CPU
		{134C6458-3387-4934-8764-23F4F4410044}.Debug|Any CPU.ActiveCfg = Debug|Any CPU
		{134C6458-3387-4934-8764-23F4F4410044}.Debug|Any CPU.Build.0 = Debug|Any CPU
		{134C6458-3387-4934-8764-23F4F4410044}.Debug|Mixed Platforms.ActiveCfg = Debug|Any CPU
		{134C6458-3387-4934-8764-23F4F4410044}.Debug|Mixed Platforms.Build.0 = Debug|Any CPU
		{134C6458-3387-4934-8764-23F4F4410044}.Debug|x64.ActiveCfg = Debug|Any CPU
		{134C6458-3387-4934-8764-23F4F4410044}.Debug|x86.ActiveCfg = Debug|Any CPU
		{134C6458-3387-4934-8764-23F4F4410044}.Debug|x86.Build.0 = Debug|Any CPU
		{134C6458-3387-4934-8764-23F4F4410044}.Release|Any CPU.ActiveCfg = Release|Any CPU
		{134C6458-3387-4934-8764-23F4F4410044}.Release|Any CPU.Build.0 = Release|Any CPU
		{134C6458-3387-4934-8764-23F4F4410044}.Release|Mixed Platforms.ActiveCfg = Release|Any CPU
		{134C6458-3387-4934-8764-23F4F4410044}.Release|Mixed Platforms.Build.0 = Release|Any CPU
		{134C6458-3387-4934-8764-23F4F4410044}.Release|x64.ActiveCfg = Release|Any CPU
		{134C6458-3387-4934-8764-23F4F4410044}.Release|x86.ActiveCfg = Release|Any CPU
		{149FD804-2492-46E6-88FE-44D22E832312}.Debug|Any CPU.ActiveCfg = Debug|Any CPU
		{149FD804-2492-46E6-88FE-44D22E832312}.Debug|Any CPU.Build.0 = Debug|Any CPU
		{149FD804-2492-46E6-88FE-44D22E832312}.Debug|Mixed Platforms.ActiveCfg = Debug|Any CPU
		{149FD804-2492-46E6-88FE-44D22E832312}.Debug|Mixed Platforms.Build.0 = Debug|Any CPU
		{149FD804-2492-46E6-88FE-44D22E832312}.Debug|x64.ActiveCfg = Debug|Any CPU
		{149FD804-2492-46E6-88FE-44D22E832312}.Debug|x86.ActiveCfg = Debug|Any CPU
		{149FD804-2492-46E6-88FE-44D22E832312}.Debug|x86.Build.0 = Debug|Any CPU
		{149FD804-2492-46E6-88FE-44D22E832312}.Release|Any CPU.ActiveCfg = Release|Any CPU
		{149FD804-2492-46E6-88FE-44D22E832312}.Release|Any CPU.Build.0 = Release|Any CPU
		{149FD804-2492-46E6-88FE-44D22E832312}.Release|Mixed Platforms.ActiveCfg = Release|Any CPU
		{149FD804-2492-46E6-88FE-44D22E832312}.Release|Mixed Platforms.Build.0 = Release|Any CPU
		{149FD804-2492-46E6-88FE-44D22E832312}.Release|x64.ActiveCfg = Release|Any CPU
		{149FD804-2492-46E6-88FE-44D22E832312}.Release|x86.ActiveCfg = Release|Any CPU
		{3B91553F-E171-42DB-A939-2DD0A81B5E6F}.Debug|Any CPU.ActiveCfg = Debug|Any CPU
		{3B91553F-E171-42DB-A939-2DD0A81B5E6F}.Debug|Any CPU.Build.0 = Debug|Any CPU
		{3B91553F-E171-42DB-A939-2DD0A81B5E6F}.Debug|Mixed Platforms.ActiveCfg = Debug|Any CPU
		{3B91553F-E171-42DB-A939-2DD0A81B5E6F}.Debug|Mixed Platforms.Build.0 = Debug|Any CPU
		{3B91553F-E171-42DB-A939-2DD0A81B5E6F}.Debug|x64.ActiveCfg = Debug|Any CPU
		{3B91553F-E171-42DB-A939-2DD0A81B5E6F}.Debug|x86.ActiveCfg = Debug|Any CPU
		{3B91553F-E171-42DB-A939-2DD0A81B5E6F}.Release|Any CPU.ActiveCfg = Release|Any CPU
		{3B91553F-E171-42DB-A939-2DD0A81B5E6F}.Release|Any CPU.Build.0 = Release|Any CPU
		{3B91553F-E171-42DB-A939-2DD0A81B5E6F}.Release|Mixed Platforms.ActiveCfg = Release|Any CPU
		{3B91553F-E171-42DB-A939-2DD0A81B5E6F}.Release|Mixed Platforms.Build.0 = Release|Any CPU
		{3B91553F-E171-42DB-A939-2DD0A81B5E6F}.Release|x64.ActiveCfg = Release|Any CPU
		{3B91553F-E171-42DB-A939-2DD0A81B5E6F}.Release|x86.ActiveCfg = Release|Any CPU
		{E824231A-0053-447D-929E-6424FD79070B}.Debug|Any CPU.ActiveCfg = Debug|Any CPU
		{E824231A-0053-447D-929E-6424FD79070B}.Debug|Any CPU.Build.0 = Debug|Any CPU
		{E824231A-0053-447D-929E-6424FD79070B}.Debug|Mixed Platforms.ActiveCfg = Debug|Any CPU
		{E824231A-0053-447D-929E-6424FD79070B}.Debug|Mixed Platforms.Build.0 = Debug|Any CPU
		{E824231A-0053-447D-929E-6424FD79070B}.Debug|x64.ActiveCfg = Debug|Any CPU
		{E824231A-0053-447D-929E-6424FD79070B}.Debug|x86.ActiveCfg = Debug|Any CPU
		{E824231A-0053-447D-929E-6424FD79070B}.Release|Any CPU.ActiveCfg = Release|Any CPU
		{E824231A-0053-447D-929E-6424FD79070B}.Release|Any CPU.Build.0 = Release|Any CPU
		{E824231A-0053-447D-929E-6424FD79070B}.Release|Mixed Platforms.ActiveCfg = Release|Any CPU
		{E824231A-0053-447D-929E-6424FD79070B}.Release|Mixed Platforms.Build.0 = Release|Any CPU
		{E824231A-0053-447D-929E-6424FD79070B}.Release|x64.ActiveCfg = Release|Any CPU
		{E824231A-0053-447D-929E-6424FD79070B}.Release|x86.ActiveCfg = Release|Any CPU
		{109EC8C5-6277-43FD-A16D-142CF78FF0AB}.Debug|Any CPU.ActiveCfg = Debug|Any CPU
		{109EC8C5-6277-43FD-A16D-142CF78FF0AB}.Debug|Any CPU.Build.0 = Debug|Any CPU
		{109EC8C5-6277-43FD-A16D-142CF78FF0AB}.Debug|Mixed Platforms.ActiveCfg = Debug|Any CPU
		{109EC8C5-6277-43FD-A16D-142CF78FF0AB}.Debug|Mixed Platforms.Build.0 = Debug|Any CPU
		{109EC8C5-6277-43FD-A16D-142CF78FF0AB}.Debug|x64.ActiveCfg = Debug|Any CPU
		{109EC8C5-6277-43FD-A16D-142CF78FF0AB}.Debug|x86.ActiveCfg = Debug|Any CPU
		{109EC8C5-6277-43FD-A16D-142CF78FF0AB}.Release|Any CPU.ActiveCfg = Release|Any CPU
		{109EC8C5-6277-43FD-A16D-142CF78FF0AB}.Release|Any CPU.Build.0 = Release|Any CPU
		{109EC8C5-6277-43FD-A16D-142CF78FF0AB}.Release|Mixed Platforms.ActiveCfg = Release|Any CPU
		{109EC8C5-6277-43FD-A16D-142CF78FF0AB}.Release|Mixed Platforms.Build.0 = Release|Any CPU
		{109EC8C5-6277-43FD-A16D-142CF78FF0AB}.Release|x64.ActiveCfg = Release|Any CPU
		{109EC8C5-6277-43FD-A16D-142CF78FF0AB}.Release|x86.ActiveCfg = Release|Any CPU
		{B693B518-062A-43A2-8A5E-087F609B7067}.Debug|Any CPU.ActiveCfg = Debug|Any CPU
		{B693B518-062A-43A2-8A5E-087F609B7067}.Debug|Any CPU.Build.0 = Debug|Any CPU
		{B693B518-062A-43A2-8A5E-087F609B7067}.Debug|Mixed Platforms.ActiveCfg = Debug|Any CPU
		{B693B518-062A-43A2-8A5E-087F609B7067}.Debug|Mixed Platforms.Build.0 = Debug|Any CPU
		{B693B518-062A-43A2-8A5E-087F609B7067}.Debug|x64.ActiveCfg = Debug|Any CPU
		{B693B518-062A-43A2-8A5E-087F609B7067}.Debug|x86.ActiveCfg = Debug|Any CPU
		{B693B518-062A-43A2-8A5E-087F609B7067}.Release|Any CPU.ActiveCfg = Release|Any CPU
		{B693B518-062A-43A2-8A5E-087F609B7067}.Release|Any CPU.Build.0 = Release|Any CPU
		{B693B518-062A-43A2-8A5E-087F609B7067}.Release|Mixed Platforms.ActiveCfg = Release|Any CPU
		{B693B518-062A-43A2-8A5E-087F609B7067}.Release|Mixed Platforms.Build.0 = Release|Any CPU
		{B693B518-062A-43A2-8A5E-087F609B7067}.Release|x64.ActiveCfg = Release|Any CPU
		{B693B518-062A-43A2-8A5E-087F609B7067}.Release|x86.ActiveCfg = Release|Any CPU
	EndGlobalSection
	GlobalSection(SolutionProperties) = preSolution
		HideSolutionNode = FALSE
	EndGlobalSection
EndGlobal
